{
    "_readme": [
        "This file locks the dependencies of your project to a known state",
        "Read more about it at https://getcomposer.org/doc/01-basic-usage.md#installing-dependencies",
        "This file is @generated automatically"
    ],
    "content-hash": "c3b63c8cfccbe69d602ef0acba51b2c5",
    "packages": [
        {
            "name": "behat/transliterator",
            "version": "v1.2.0",
            "source": {
                "type": "git",
                "url": "https://github.com/Behat/Transliterator.git",
                "reference": "826ce7e9c2a6664c0d1f381cbb38b1fb80a7ee2c"
            },
            "dist": {
                "type": "zip",
                "url": "https://api.github.com/repos/Behat/Transliterator/zipball/826ce7e9c2a6664c0d1f381cbb38b1fb80a7ee2c",
                "reference": "826ce7e9c2a6664c0d1f381cbb38b1fb80a7ee2c",
                "shasum": ""
            },
            "require": {
                "php": ">=5.3.3"
            },
            "require-dev": {
                "chuyskywalker/rolling-curl": "^3.1",
                "php-yaoi/php-yaoi": "^1.0"
            },
            "type": "library",
            "extra": {
                "branch-alias": {
                    "dev-master": "1.2-dev"
                }
            },
            "autoload": {
                "psr-0": {
                    "Behat\\Transliterator": "src/"
                }
            },
            "notification-url": "https://packagist.org/downloads/",
            "license": [
                "Artistic-1.0"
            ],
            "description": "String transliterator",
            "keywords": [
                "i18n",
                "slug",
                "transliterator"
            ],
            "time": "2017-04-04T11:38:05+00:00"
        },
        {
            "name": "chillerlan/php-qrcode",
            "version": "dev-master",
            "source": {
                "type": "git",
                "url": "https://github.com/chillerlan/php-qrcode.git",
                "reference": "ba81dab259d687d246295e6998533c314367847a"
            },
            "dist": {
                "type": "zip",
                "url": "https://api.github.com/repos/chillerlan/php-qrcode/zipball/ba81dab259d687d246295e6998533c314367847a",
                "reference": "ba81dab259d687d246295e6998533c314367847a",
                "shasum": ""
            },
            "require": {
                "chillerlan/php-settings-container": "^1.0",
                "php": "^7.2"
            },
            "require-dev": {
                "phpunit/phpunit": "^7.5"
            },
            "type": "library",
            "extra": {
                "branch-alias": {
                    "dev-v2.0.x-php5": "1.0.8-dev"
                }
            },
            "autoload": {
                "psr-4": {
                    "chillerlan\\QRCode\\": "src/"
                }
            },
            "notification-url": "https://packagist.org/downloads/",
            "license": [
                "MIT"
            ],
            "authors": [
                {
                    "name": "Kazuhiko Arase",
                    "homepage": "https://github.com/kazuhikoarase"
                },
                {
                    "name": "smiley",
                    "email": "smiley@chillerlan.net",
                    "homepage": "https://github.com/codemasher"
                }
            ],
            "description": "A QR code generator. PHP 7.2+",
            "homepage": "https://github.com/chillerlan/php-qrcode",
            "keywords": [
                "qr code"
            ],
            "time": "2018-12-20T15:37:46+00:00"
        },
        {
            "name": "chillerlan/php-settings-container",
            "version": "1.0.1",
            "source": {
                "type": "git",
                "url": "https://github.com/chillerlan/php-settings-container.git",
                "reference": "69d171253001d2d06058a36730a39545cdffd639"
            },
            "dist": {
                "type": "zip",
                "url": "https://api.github.com/repos/chillerlan/php-settings-container/zipball/69d171253001d2d06058a36730a39545cdffd639",
                "reference": "69d171253001d2d06058a36730a39545cdffd639",
                "shasum": ""
            },
            "require": {
                "ext-json": "*",
                "php": "^7.2"
            },
            "require-dev": {
                "phpunit/phpunit": "^7.3"
            },
            "type": "library",
            "autoload": {
                "psr-4": {
                    "chillerlan\\Settings\\": "src/"
                }
            },
            "notification-url": "https://packagist.org/downloads/",
            "license": [
                "MIT"
            ],
            "authors": [
                {
                    "name": "smiley",
                    "email": "smiley@chillerlan.net",
                    "homepage": "https://github.com/codemasher"
                }
            ],
            "description": "A container class for immutable settings objects. Not a DI container. PHP 7.2+",
            "homepage": "https://github.com/chillerlan/php-settings-container",
            "keywords": [
                "PHP7",
                "PSR-11",
                "Settings",
                "container",
                "helper"
            ],
            "time": "2018-10-01T11:12:11+00:00"
        },
        {
            "name": "jeroendesloovere/vcard",
            "version": "1.7.1",
            "source": {
                "type": "git",
                "url": "https://github.com/jeroendesloovere/vcard.git",
                "reference": "6f4627dd36b6ce18cbfdf1375efd78a38c482a25"
            },
            "dist": {
                "type": "zip",
                "url": "https://api.github.com/repos/jeroendesloovere/vcard/zipball/6f4627dd36b6ce18cbfdf1375efd78a38c482a25",
                "reference": "6f4627dd36b6ce18cbfdf1375efd78a38c482a25",
                "shasum": ""
            },
            "require": {
                "behat/transliterator": "~1.0",
                "php": ">=5.3.3"
            },
            "require-dev": {
                "phpunit/phpunit": "4.6.*"
            },
            "type": "library",
            "autoload": {
                "psr-4": {
                    "JeroenDesloovere\\VCard\\": "src/"
                }
            },
            "notification-url": "https://packagist.org/downloads/",
            "license": [
                "MIT"
            ],
            "authors": [
                {
                    "name": "Jeroen Desloovere",
                    "email": "info@jeroendesloovere.be",
                    "homepage": "http://jeroendesloovere.be",
                    "role": "Developer"
                }
            ],
            "description": "This VCard PHP class can generate a vCard with some data. When using an iOS device it will export as a .ics file because iOS devices don't support the default .vcf files.",
            "homepage": "https://github.com/jeroendesloovere/vcard",
            "keywords": [
                ".vcf",
                "generator",
                "php",
                "vCard"
            ],
            "time": "2018-07-04T09:44:33+00:00"
        },
        {
            "name": "twilio/sdk",
            "version": "5.31.0",
            "source": {
                "type": "git",
                "url": "https://github.com/twilio/twilio-php.git",
                "reference": "f61003ba5577ccae8ac2ec25d18e1d70fe9ba65e"
            },
            "dist": {
                "type": "zip",
                "url": "https://api.github.com/repos/twilio/twilio-php/zipball/f61003ba5577ccae8ac2ec25d18e1d70fe9ba65e",
                "reference": "f61003ba5577ccae8ac2ec25d18e1d70fe9ba65e",
                "shasum": ""
            },
            "require": {
                "php": ">=5.5.0"
            },
            "require-dev": {
                "apigen/apigen": "^4.1",
                "phpunit/phpunit": "4.5.*"
            },
            "type": "library",
            "autoload": {
                "psr-4": {
                    "Twilio\\": "Twilio/"
                }
            },
            "notification-url": "https://packagist.org/downloads/",
            "license": [
                "MIT"
            ],
            "authors": [
                {
                    "name": "Twilio API Team",
                    "email": "api@twilio.com"
                }
            ],
            "description": "A PHP wrapper for Twilio's API",
            "homepage": "http://github.com/twilio/twilio-php",
            "keywords": [
                "api",
                "sms",
                "twilio"
            ],
            "time": "2019-03-28T23:43:43+00:00"
        }
    ],
    "packages-dev": [
        {
            "name": "mikey179/vfsStream",
            "version": "v1.1.0",
            "source": {
                "type": "git",
                "url": "https://github.com/mikey179/vfsStream.git",
                "reference": "fc0fe8f4d0b527254a2dc45f0c265567c881d07e"
            },
            "dist": {
                "type": "zip",
                "url": "https://api.github.com/repos/mikey179/vfsStream/zipball/fc0fe8f4d0b527254a2dc45f0c265567c881d07e",
                "reference": "fc0fe8f4d0b527254a2dc45f0c265567c881d07e",
                "shasum": ""
            },
            "require": {
                "php": ">=5.3.0"
            },
            "type": "library",
            "autoload": {
                "psr-0": {
                    "org\\bovigo\\vfs": "src/main/php"
                }
            },
            "notification-url": "https://packagist.org/downloads/",
            "license": [
                "BSD"
            ],
            "homepage": "http://vfs.bovigo.org/",
            "time": "2012-08-25T12:49:29+00:00"
        }
    ],
    "aliases": [],
    "minimum-stability": "stable",
    "stability-flags": {
        "chillerlan/php-qrcode": 20
    },
    "prefer-stable": false,
    "prefer-lowest": false,
    "platform": {
        "php": "^7.2"
    },
    "platform-dev": []
}
